
Microsoft Visual Studio Solution File, Format Version 12.00
Project("{FAE04EC0-301F-11D3-BF4B-00C04F79EFBC}") = "RangeTests", "RangeTests\RangeTests.csproj", "{3AC4D161-3EA4-486A-9DE6-F2295C8052C8}"
EndProject
Global
	GlobalSection(SolutionConfigurationPlatforms) = preSolution
		Debug|Any CPU = Debug|Any CPU
		Release|Any CPU = Release|Any CPU
	EndGlobalSection
	GlobalSection(ProjectConfigurationPlatforms) = postSolution
		{3AC4D161-3EA4-486A-9DE6-F2295C8052C8}.Debug|Any CPU.ActiveCfg = Debug|Any CPU
		{3AC4D161-3EA4-486A-9DE6-F2295C8052C8}.Debug|Any CPU.Build.0 = Debug|Any CPU
		{3AC4D161-3EA4-486A-9DE6-F2295C8052C8}.Release|Any CPU.ActiveCfg = Release|Any CPU
		{3AC4D161-3EA4-486A-9DE6-F2295C8052C8}.Release|Any CPU.Build.0 = Release|Any CPU
	EndGlobalSection
EndGlobal
